{
  "name": "fatora",
  "version": "1.0.2",
  "lockfileVersion": 3,
  "requires": true,
  "packages": {
    "": {
      "name": "fatora",
      "version": "1.0.2",
      "license": "ISC",
      "dependencies": {
        "fatora": "^1.0.2"
      }
    },
    "node_modules/fatora": {
      "version": "1.0.2",
      "resolved": "https://registry.npmjs.org/fatora/-/fatora-1.0.2.tgz",
      "integrity": "sha512-GYhy5ICca4Ih1YpBP6knYDjHAbO14rm0XXY3X3Ytt5XK9uwia2srkULv0eyYYrCty3MZmkg4JuWd8tdK2qGxPg==",
      "dependencies": {
        "fatora": "^1.0.1"
      }
    }
  }
}
