# THIS IS AN AUTOGENERATED FILE. DO NOT EDIT THIS FILE DIRECTLY.
# yarn lockfile v1


fatora@^1.2.6:
  version "1.2.6"
  resolved "https://registry.yarnpkg.com/fatora/-/fatora-1.2.6.tgz#bb81b1ce7163c56bce16fe54c713f09710d0a134"
  integrity sha512-4NfHFiQQkj6mbgiNAlsNzQh+kFsnmYrMhm0yS1ZAtHtagGg0ZogehuCCCM3cMpGF5EIEli0j4X7BUE/kfENeVQ==
