# THIS IS AN AUTOGENERATED FILE. DO NOT EDIT THIS FILE DIRECTLY.
# yarn lockfile v1


fatora@^1.2.3, fatora@^1.2.5:
  version "1.2.5"
  resolved "https://registry.yarnpkg.com/fatora/-/fatora-1.2.5.tgz#75e97368d6761f62389ed9f35fd9934eb6699543"
  integrity sha512-xxRCuVpxPB9+bPQW5oY13CkcZ2KATwmmaL9eDtIGyvTGbFqWRnWpEAJVh0SzpdG3KAsRU90pLI4iaJc4XWH9iA==
  dependencies:
    fatora "^1.2.3"
